
Microsoft Visual Studio Solution File, Format Version 12.00
# Visual Studio Version 16
VisualStudioVersion = 16.0.32929.386
MinimumVisualStudioVersion = 10.0.40219.1
Project("{FAE04EC0-301F-11D3-BF4B-00C04F79EFBC}") = "AlloyDemo", "AlloyDemo\AlloyDemo.csproj", "{2DC05E91-8C8B-434A-A9A0-05E842DBFBFC}"
EndProject
Global
	GlobalSection(SolutionConfigurationPlatforms) = preSolution
		Debug|Any CPU = Debug|Any CPU
		Release|Any CPU = Release|Any CPU
	EndGlobalSection
	GlobalSection(ProjectConfigurationPlatforms) = postSolution
		{2DC05E91-8C8B-434A-A9A0-05E842DBFBFC}.Debug|Any CPU.ActiveCfg = Debug|Any CPU
		{2DC05E91-8C8B-434A-A9A0-05E842DBFBFC}.Debug|Any CPU.Build.0 = Debug|Any CPU
		{2DC05E91-8C8B-434A-A9A0-05E842DBFBFC}.Release|Any CPU.ActiveCfg = Release|Any CPU
		{2DC05E91-8C8B-434A-A9A0-05E842DBFBFC}.Release|Any CPU.Build.0 = Release|Any CPU
	EndGlobalSection
	GlobalSection(SolutionProperties) = preSolution
		HideSolutionNode = FALSE
	EndGlobalSection
	GlobalSection(ExtensibilityGlobals) = postSolution
		SolutionGuid = {8A73BBC9-70CC-4172-AC39-CE7951BDDEE4}
	EndGlobalSection
EndGlobal
